
Microsoft Visual Studio Solution File, Format Version 12.00
# Visual Studio Version 16
VisualStudioVersion = 16.0.31424.327
MinimumVisualStudioVersion = 10.0.40219.1
Project("{9A19103F-16F7-4668-BE54-9A1E7A4F7556}") = "MyPokedex.Api", "MyPokedex.Api\MyPokedex.Api.csproj", "{E3210249-28B9-4E0D-AF84-E3516825417D}"
EndProject
Project("{9A19103F-16F7-4668-BE54-9A1E7A4F7556}") = "MyPokedex.Test", "MyPokedex.Test\MyPokedex.Test.csproj", "{4994B38B-79EF-4EB0-B279-113636E9357F}"
EndProject
Project("{9A19103F-16F7-4668-BE54-9A1E7A4F7556}") = "MyPokedex.Infrastructure", "MyPokedex.Infrastructure\MyPokedex.Infrastructure.csproj", "{DD55001E-3F46-4D0E-A9C3-13D6AD549760}"
EndProject
Project("{9A19103F-16F7-4668-BE54-9A1E7A4F7556}") = "MyPokedex.Core", "MyPokedex.Core\MyPokedex.Core.csproj", "{46EE6FA3-7086-43D2-9B68-0F2647CE8B50}"
EndProject
Project("{2150E333-8FDC-42A3-9474-1A3956D46DE8}") = "Solution Items", "Solution Items", "{4EA04BF2-B0C0-42BB-ACCB-7E33025F2917}"
	ProjectSection(SolutionItems) = preProject
		.circleci\config.yml = .circleci\config.yml
		Dockerfile = Dockerfile
		README.md = README.md
		sonar-project.properties = sonar-project.properties
	EndProjectSection
EndProject
Global
	GlobalSection(SolutionConfigurationPlatforms) = preSolution
		Debug|Any CPU = Debug|Any CPU
		Release|Any CPU = Release|Any CPU
	EndGlobalSection
	GlobalSection(ProjectConfigurationPlatforms) = postSolution
		{E3210249-28B9-4E0D-AF84-E3516825417D}.Debug|Any CPU.ActiveCfg = Debug|Any CPU
		{E3210249-28B9-4E0D-AF84-E3516825417D}.Debug|Any CPU.Build.0 = Debug|Any CPU
		{E3210249-28B9-4E0D-AF84-E3516825417D}.Release|Any CPU.ActiveCfg = Release|Any CPU
		{E3210249-28B9-4E0D-AF84-E3516825417D}.Release|Any CPU.Build.0 = Release|Any CPU
		{4994B38B-79EF-4EB0-B279-113636E9357F}.Debug|Any CPU.ActiveCfg = Debug|Any CPU
		{4994B38B-79EF-4EB0-B279-113636E9357F}.Debug|Any CPU.Build.0 = Debug|Any CPU
		{4994B38B-79EF-4EB0-B279-113636E9357F}.Release|Any CPU.ActiveCfg = Release|Any CPU
		{4994B38B-79EF-4EB0-B279-113636E9357F}.Release|Any CPU.Build.0 = Release|Any CPU
		{DD55001E-3F46-4D0E-A9C3-13D6AD549760}.Debug|Any CPU.ActiveCfg = Debug|Any CPU
		{DD55001E-3F46-4D0E-A9C3-13D6AD549760}.Debug|Any CPU.Build.0 = Debug|Any CPU
		{DD55001E-3F46-4D0E-A9C3-13D6AD549760}.Release|Any CPU.ActiveCfg = Release|Any CPU
		{DD55001E-3F46-4D0E-A9C3-13D6AD549760}.Release|Any CPU.Build.0 = Release|Any CPU
		{46EE6FA3-7086-43D2-9B68-0F2647CE8B50}.Debug|Any CPU.ActiveCfg = Debug|Any CPU
		{46EE6FA3-7086-43D2-9B68-0F2647CE8B50}.Debug|Any CPU.Build.0 = Debug|Any CPU
		{46EE6FA3-7086-43D2-9B68-0F2647CE8B50}.Release|Any CPU.ActiveCfg = Release|Any CPU
		{46EE6FA3-7086-43D2-9B68-0F2647CE8B50}.Release|Any CPU.Build.0 = Release|Any CPU
	EndGlobalSection
	GlobalSection(SolutionProperties) = preSolution
		HideSolutionNode = FALSE
	EndGlobalSection
	GlobalSection(ExtensibilityGlobals) = postSolution
		SolutionGuid = {97F32702-BF48-4576-A8CF-B4C37D39EBBF}
	EndGlobalSection
EndGlobal
